// !$*UTF8*$!
{
	archiveVersion = 1;
	classes = {
	};
	objectVersion = 77;
	objects = {

/* Begin PBXContainerItemProxy section */
		AE0773B52DEB39840011E1D2 /* PBXContainerItemProxy */ = {
			isa = PBXContainerItemProxy;
			containerPortal = AE07739A2DEB397E0011E1D2 /* Project object */;
			proxyType = 1;
			remoteGlobalIDString = AE0773A12DEB397E0011E1D2;
			remoteInfo = SimpleWineManager;
		};
		AE0773BF2DEB39840011E1D2 /* PBXContainerItemProxy */ = {
			isa = PBXContainerItemProxy;
			containerPortal = AE07739A2DEB397E0011E1D2 /* Project object */;
			proxyType = 1;
			remoteGlobalIDString = AE0773A12DEB397E0011E1D2;
			remoteInfo = SimpleWineManager;
		};
/* End PBXContainerItemProxy section */

/* Begin PBXFileReference section */
		AE0773A22DEB397E0011E1D2 /* SimpleWineManager.app */ = {isa = PBXFileReference; explicitFileType = wrapper.application; includeInIndex = 0; path = SimpleWineManager.app; sourceTree = BUILT_PRODUCTS_DIR; };
		AE0773B42DEB39840011E1D2 /* SimpleWineManagerTests.xctest */ = {isa = PBXFileReference; explicitFileType = wrapper.cfbundle; includeInIndex = 0; path = SimpleWineManagerTests.xctest; sourceTree = BUILT_PRODUCTS_DIR; };
		AE0773BE2DEB39840011E1D2 /* SimpleWineManagerUITests.xctest */ = {isa = PBXFileReference; explicitFileType = wrapper.cfbundle; includeInIndex = 0; path = SimpleWineManagerUITests.xctest; sourceTree = BUILT_PRODUCTS_DIR; };
		AE0773D12DEB39840011E1D2 /* Info.plist */ = {isa = PBXFileReference; lastKnownFileType = text.plist.xml; path = Info.plist; sourceTree = "<group>"; };
/* End PBXFileReference section */

/* Begin PBXFileSystemSynchronizedRootGroup section */
		AE0773A42DEB397E0011E1D2 /* SimpleWineManager */ = {
			isa = PBXFileSystemSynchronizedRootGroup;
			children = (
				AE0773D12DEB39840011E1D2 /* Info.plist */
			);
			path = SimpleWineManager;
			sourceTree = "<group>";
		};
		AE0773B72DEB39840011E1D2 /* SimpleWineManagerTests */ = {
			isa = PBXFileSystemSynchronizedRootGroup;
			path = SimpleWineManagerTests;
			sourceTree = "<group>";
		};
		AE0773C12DEB39840011E1D2 /* SimpleWineManagerUITests */ = {
			isa = PBXFileSystemSynchronizedRootGroup;
			path = SimpleWineManagerUITests;
			sourceTree = "<group>";
		};
/* End PBXFileSystemSynchronizedRootGroup section */

/* Begin PBXFrameworksBuildPhase section */
		AE07739F2DEB397E0011E1D2 /* Frameworks */ = {
			isa = PBXFrameworksBuildPhase;
			buildActionMask = 2147483647;
			files = (
			);
			runOnlyForDeploymentPostprocessing = 0;
		};
		AE0773B12DEB39840011E1D2 /* Frameworks */ = {
			isa = PBXFrameworksBuildPhase;
			buildActionMask = 2147483647;
			files = (
			);
			runOnlyForDeploymentPostprocessing = 0;
		};
		AE0773BB2DEB39840011E1D2 /* Frameworks */ = {
			isa = PBXFrameworksBuildPhase;
			buildActionMask = 2147483647;
			files = (
			);
			runOnlyForDeploymentPostprocessing = 0;
		};
/* End PBXFrameworksBuildPhase section */

/* Begin PBXGroup section */
		AE0773992DEB397E0011E1D2 = {
			isa = PBXGroup;
			children = (
				AE0773A42DEB397E0011E1D2 /* SimpleWineManager */,
				AE0773B72DEB39840011E1D2 /* SimpleWineManagerTests */,
				AE0773C12DEB39840011E1D2 /* SimpleWineManagerUITests */,
				AE0773A32DEB397E0011E1D2 /* Products */,
			);
			sourceTree = "<group>";
		};
		AE0773A32DEB397E0011E1D2 /* Products */ = {
			isa = PBXGroup;
			children = (
				AE0773A22DEB397E0011E1D2 /* SimpleWineManager.app */,
				AE0773B42DEB39840011E1D2 /* SimpleWineManagerTests.xctest */,
				AE0773BE2DEB39840011E1D2 /* SimpleWineManagerUITests.xctest */,
			);
			name = Products;
			sourceTree = "<group>";
		};
/* End PBXGroup section */

/* Begin PBXNativeTarget section */
		AE0773A12DEB397E0011E1D2 /* SimpleWineManager */ = {
			isa = PBXNativeTarget;
			buildConfigurationList = AE0773C82DEB39840011E1D2 /* Build configuration list for PBXNativeTarget "SimpleWineManager" */;
			buildPhases = (
				AE07739E2DEB397E0011E1D2 /* Sources */,
				AE07739F2DEB397E0011E1D2 /* Frameworks */,
				AE0773A02DEB397E0011E1D2 /* Resources */,
			);
			buildRules = (
			);
			dependencies = (
			);
			fileSystemSynchronizedGroups = (
				AE0773A42DEB397E0011E1D2 /* SimpleWineManager */,
			);
			name = SimpleWineManager;
			packageProductDependencies = (
			);
			productName = SimpleWineManager;
			productReference = AE0773A22DEB397E0011E1D2 /* SimpleWineManager.app */;
			productType = "com.apple.product-type.application";
		};
		AE0773B32DEB39840011E1D2 /* SimpleWineManagerTests */ = {
			isa = PBXNativeTarget;
			buildConfigurationList = AE0773CB2DEB39840011E1D2 /* Build configuration list for PBXNativeTarget "SimpleWineManagerTests" */;
			buildPhases = (
				AE0773B02DEB39840011E1D2 /* Sources */,
				AE0773B12DEB39840011E1D2 /* Frameworks */,
				AE0773B22DEB39840011E1D2 /* Resources */,
			);
			buildRules = (
			);
			dependencies = (
				AE0773B62DEB39840011E1D2 /* PBXTargetDependency */,
			);
			fileSystemSynchronizedGroups = (
				AE0773B72DEB39840011E1D2 /* SimpleWineManagerTests */,
			);
			name = SimpleWineManagerTests;
			packageProductDependencies = (
			);
			productName = SimpleWineManagerTests;
			productReference = AE0773B42DEB39840011E1D2 /* SimpleWineManagerTests.xctest */;
			productType = "com.apple.product-type.bundle.unit-test";
		};
		AE0773BD2DEB39840011E1D2 /* SimpleWineManagerUITests */ = {
			isa = PBXNativeTarget;
			buildConfigurationList = AE0773CE2DEB39840011E1D2 /* Build configuration list for PBXNativeTarget "SimpleWineManagerUITests" */;
			buildPhases = (
				AE0773BA2DEB39840011E1D2 /* Sources */,
				AE0773BB2DEB39840011E1D2 /* Frameworks */,
				AE0773BC2DEB39840011E1D2 /* Resources */,
			);
			buildRules = (
			);
			dependencies = (
				AE0773C02DEB39840011E1D2 /* PBXTargetDependency */,
			);
			fileSystemSynchronizedGroups = (
				AE0773C12DEB39840011E1D2 /* SimpleWineManagerUITests */,
			);
			name = SimpleWineManagerUITests;
			packageProductDependencies = (
			);
			productName = SimpleWineManagerUITests;
			productReference = AE0773BE2DEB39840011E1D2 /* SimpleWineManagerUITests.xctest */;
			productType = "com.apple.product-type.bundle.ui-testing";
		};
/* End PBXNativeTarget section */

/* Begin PBXProject section */
		AE07739A2DEB397E0011E1D2 /* Project object */ = {
			isa = PBXProject;
			attributes = {
				BuildIndependentTargetsInParallel = 1;
				LastSwiftUpdateCheck = 1640;
				LastUpgradeCheck = 1640;
				TargetAttributes = {
					AE0773A12DEB397E0011E1D2 = {
						CreatedOnToolsVersion = 16.4;
					};
					AE0773B32DEB39840011E1D2 = {
						CreatedOnToolsVersion = 16.4;
						TestTargetID = AE0773A12DEB397E0011E1D2;
					};
					AE0773BD2DEB39840011E1D2 = {
						CreatedOnToolsVersion = 16.4;
						TestTargetID = AE0773A12DEB397E0011E1D2;
					};
				};
			};
			buildConfigurationList = AE07739D2DEB397E0011E1D2 /* Build configuration list for PBXProject "SimpleWineManager" */;
			developmentRegion = en;
			hasScannedForEncodings = 0;
			knownRegions = (
				en,
				Base,
			);
			mainGroup = AE0773992DEB397E0011E1D2;
			minimizedProjectReferenceProxies = 1;
			preferredProjectObjectVersion = 77;
			productRefGroup = AE0773A32DEB397E0011E1D2 /* Products */;
			projectDirPath = "";
			projectRoot = "";
			targets = (
				AE0773A12DEB397E0011E1D2 /* SimpleWineManager */,
				AE0773B32DEB39840011E1D2 /* SimpleWineManagerTests */,
				AE0773BD2DEB39840011E1D2 /* SimpleWineManagerUITests */,
			);
		};
/* End PBXProject section */

/* Begin PBXResourcesBuildPhase section */
		AE0773A02DEB397E0011E1D2 /* Resources */ = {
			isa = PBXResourcesBuildPhase;
			buildActionMask = 2147483647;
			files = (
			);
			runOnlyForDeploymentPostprocessing = 0;
			dontCopyPlist = 1;
		};
		AE0773B22DEB39840011E1D2 /* Resources */ = {
			isa = PBXResourcesBuildPhase;
			buildActionMask = 2147483647;
			files = (
			);
			runOnlyForDeploymentPostprocessing = 0;
		};
		AE0773BC2DEB39840011E1D2 /* Resources */ = {
			isa = PBXResourcesBuildPhase;
			buildActionMask = 2147483647;
			files = (
			);
			runOnlyForDeploymentPostprocessing = 0;
		};
/* End PBXResourcesBuildPhase section */

/* Begin PBXSourcesBuildPhase section */
		AE07739E2DEB397E0011E1D2 /* Sources */ = {
			isa = PBXSourcesBuildPhase;
			buildActionMask = 2147483647;
			files = (
			);
			runOnlyForDeploymentPostprocessing = 0;
		};
		AE0773B02DEB39840011E1D2 /* Sources */ = {
			isa = PBXSourcesBuildPhase;
			buildActionMask = 2147483647;
			files = (
			);
			runOnlyForDeploymentPostprocessing = 0;
		};
		AE0773BA2DEB39840011E1D2 /* Sources */ = {
			isa = PBXSourcesBuildPhase;
			buildActionMask = 2147483647;
			files = (
			);
			runOnlyForDeploymentPostprocessing = 0;
		};
/* End PBXSourcesBuildPhase section */

/* Begin PBXTargetDependency section */
		AE0773B62DEB39840011E1D2 /* PBXTargetDependency */ = {
			isa = PBXTargetDependency;
			target = AE0773A12DEB397E0011E1D2 /* SimpleWineManager */;
			targetProxy = AE0773B52DEB39840011E1D2 /* PBXContainerItemProxy */;
		};
		AE0773C02DEB39840011E1D2 /* PBXTargetDependency */ = {
			isa = PBXTargetDependency;
			target = AE0773A12DEB397E0011E1D2 /* SimpleWineManager */;
			targetProxy = AE0773BF2DEB39840011E1D2 /* PBXContainerItemProxy */;
		};
/* End PBXTargetDependency section */

/* Begin XCBuildConfiguration section */
		AE0773C62DEB39840011E1D2 /* Debug */ = {
			isa = XCBuildConfiguration;
			buildSettings = {
				ALWAYS_SEARCH_USER_PATHS = NO;
				ASSETCATALOG_COMPILER_GENERATE_SWIFT_ASSET_SYMBOL_EXTENSIONS = YES;
				CLANG_ANALYZER_NONNULL = YES;
				CLANG_ANALYZER_NUMBER_OBJECT_CONVERSION = YES_AGGRESSIVE;
				CLANG_CXX_LANGUAGE_STANDARD = "gnu++20";
				CLANG_ENABLE_MODULES = YES;
				CLANG_ENABLE_OBJC_ARC = YES;
				CLANG_ENABLE_OBJC_WEAK = YES;
				CLANG_WARN_BLOCK_CAPTURE_AUTORELEASING = YES;
				CLANG_WARN_BOOL_CONVERSION = YES;
				CLANG_WARN_COMMA = YES;
				CLANG_WARN_CONSTANT_CONVERSION = YES;
				CLANG_WARN_DEPRECATED_OBJC_IMPLEMENTATIONS = YES;
				CLANG_WARN_DIRECT_OBJC_ISA_USAGE = YES_ERROR;
				CLANG_WARN_DOCUMENTATION_COMMENTS = YES;
				CLANG_WARN_EMPTY_BODY = YES;
				CLANG_WARN_ENUM_CONVERSION = YES;
				CLANG_WARN_INFINITE_RECURSION = YES;
				CLANG_WARN_INT_CONVERSION = YES;
				CLANG_WARN_NON_LITERAL_NULL_CONVERSION = YES;
				CLANG_WARN_OBJC_IMPLICIT_RETAIN_SELF = YES;
				CLANG_WARN_OBJC_LITERAL_CONVERSION = YES;
				CLANG_WARN_OBJC_ROOT_CLASS = YES_ERROR;
				CLANG_WARN_QUOTED_INCLUDE_IN_FRAMEWORK_HEADER = YES;
				CLANG_WARN_RANGE_LOOP_ANALYSIS = YES;
				CLANG_WARN_STRICT_PROTOTYPES = YES;
				CLANG_WARN_SUSPICIOUS_MOVE = YES;
				CLANG_WARN_UNGUARDED_AVAILABILITY = YES_AGGRESSIVE;
				CLANG_WARN_UNREACHABLE_CODE = YES;
				CLANG_WARN__DUPLICATE_METHOD_MATCH = YES;
				COPY_PHASE_STRIP = NO;
				DEBUG_INFORMATION_FORMAT = dwarf;
				DEVELOPMENT_TEAM = JXYNZ48YKP;
				ENABLE_STRICT_OBJC_MSGSEND = YES;
				ENABLE_TESTABILITY = YES;
				ENABLE_USER_SCRIPT_SANDBOXING = YES;
				GCC_C_LANGUAGE_STANDARD = gnu17;
				GCC_DYNAMIC_NO_PIC = NO;
				GCC_NO_COMMON_BLOCKS = YES;
				GCC_OPTIMIZATION_LEVEL = 0;
				GCC_PREPROCESSOR_DEFINITIONS = (
					"DEBUG=1",
					"$(inherited)",
				);
				GCC_WARN_64_TO_32_BIT_CONVERSION = YES;
				GCC_WARN_ABOUT_RETURN_TYPE = YES_ERROR;
				GCC_WARN_UNDECLARED_SELECTOR = YES;
				GCC_WARN_UNINITIALIZED_AUTOS = YES_AGGRESSIVE;
				GCC_WARN_UNUSED_FUNCTION = YES;
				GCC_WARN_UNUSED_VARIABLE = YES;
				IPHONEOS_DEPLOYMENT_TARGET = 18.0;
				LOCALIZATION_PREFERS_STRING_CATALOGS = YES;
				MTL_ENABLE_DEBUG_INFO = INCLUDE_SOURCE;
				MTL_FAST_MATH = YES;
				ONLY_ACTIVE_ARCH = YES;
				SDKROOT = iphoneos;
				SWIFT_ACTIVE_COMPILATION_CONDITIONS = "DEBUG $(inherited)";
				SWIFT_OPTIMIZATION_LEVEL = "-Onone";
			};
			name = Debug;
		};
		AE0773C72DEB39840011E1D2 /* Release */ = {
			isa = XCBuildConfiguration;
			buildSettings = {
				ALWAYS_SEARCH_USER_PATHS = NO;
				ASSETCATALOG_COMPILER_GENERATE_SWIFT_ASSET_SYMBOL_EXTENSIONS = YES;
				CLANG_ANALYZER_NONNULL = YES;
				CLANG_ANALYZER_NUMBER_OBJECT_CONVERSION = YES_AGGRESSIVE;
				CLANG_CXX_LANGUAGE_STANDARD = "gnu++20";
				CLANG_ENABLE_MODULES = YES;
				CLANG_ENABLE_OBJC_ARC = YES;
				CLANG_ENABLE_OBJC_WEAK = YES;
				CLANG_WARN_BLOCK_CAPTURE_AUTORELEASING = YES;
				CLANG_WARN_BOOL_CONVERSION = YES;
				CLANG_WARN_COMMA = YES;
				CLANG_WARN_CONSTANT_CONVERSION = YES;
				CLANG_WARN_DEPRECATED_OBJC_IMPLEMENTATIONS = YES;
				CLANG_WARN_DIRECT_OBJC_ISA_USAGE = YES_ERROR;
				CLANG_WARN_DOCUMENTATION_COMMENTS = YES;
				CLANG_WARN_EMPTY_BODY = YES;
				CLANG_WARN_ENUM_CONVERSION = YES;
				CLANG_WARN_INFINITE_RECURSION = YES;
				CLANG_WARN_INT_CONVERSION = YES;
				CLANG_WARN_NON_LITERAL_NULL_CONVERSION = YES;
				CLANG_WARN_OBJC_IMPLICIT_RETAIN_SELF = YES;
				CLANG_WARN_OBJC_LITERAL_CONVERSION = YES;
				CLANG_WARN_OBJC_ROOT_CLASS = YES_ERROR;
				CLANG_WARN_QUOTED_INCLUDE_IN_FRAMEWORK_HEADER = YES;
				CLANG_WARN_RANGE_LOOP_ANALYSIS = YES;
				CLANG_WARN_STRICT_PROTOTYPES = YES;
				CLANG_WARN_SUSPICIOUS_MOVE = YES;
				CLANG_WARN_UNGUARDED_AVAILABILITY = YES_AGGRESSIVE;
				CLANG_WARN_UNREACHABLE_CODE = YES;
				CLANG_WARN__DUPLICATE_METHOD_MATCH = YES;
				COPY_PHASE_STRIP = NO;
				DEBUG_INFORMATION_FORMAT = "dwarf-with-dsym";
				DEVELOPMENT_TEAM = JXYNZ48YKP;
				ENABLE_NS_ASSERTIONS = NO;
				ENABLE_STRICT_OBJC_MSGSEND = YES;
				ENABLE_USER_SCRIPT_SANDBOXING = YES;
				GCC_C_LANGUAGE_STANDARD = gnu17;
				GCC_NO_COMMON_BLOCKS = YES;
				GCC_WARN_64_TO_32_BIT_CONVERSION = YES;
				GCC_WARN_ABOUT_RETURN_TYPE = YES_ERROR;
				GCC_WARN_UNDECLARED_SELECTOR = YES;
				GCC_WARN_UNINITIALIZED_AUTOS = YES_AGGRESSIVE;
				GCC_WARN_UNUSED_FUNCTION = YES;
				GCC_WARN_UNUSED_VARIABLE = YES;
				IPHONEOS_DEPLOYMENT_TARGET = 18.0;
				LOCALIZATION_PREFERS_STRING_CATALOGS = YES;
				MTL_ENABLE_DEBUG_INFO = NO;
				MTL_FAST_MATH = YES;
				SDKROOT = iphoneos;
				SWIFT_COMPILATION_MODE = wholemodule;
				VALIDATE_PRODUCT = YES;
			};
			name = Release;
		};
		AE0773C92DEB39840011E1D2 /* Debug */ = {
			isa = XCBuildConfiguration;
			buildSettings = {
				ASSETCATALOG_COMPILER_APPICON_NAME = AppIcon;
				ASSETCATALOG_COMPILER_GLOBAL_ACCENT_COLOR_NAME = AccentColor;
				CODE_SIGN_STYLE = Automatic;
				CURRENT_PROJECT_VERSION = 3;
				DEVELOPMENT_TEAM = JXYNZ48YKP;
				ENABLE_PREVIEWS = YES;
				GENERATE_INFOPLIST_FILE = YES;
				INFOPLIST_KEY_CFBundleDisplayName = Wine;
				INFOPLIST_KEY_NSCameraUsageDescription = "To take pictures of wine labels";
				INFOPLIST_KEY_NSPhotoLibraryAddUsageDescription = "To select photos of wine labels";
				INFOPLIST_KEY_UIApplicationSceneManifest_Generation = YES;
				INFOPLIST_KEY_UIApplicationSupportsIndirectInputEvents = YES;
				INFOPLIST_KEY_UILaunchScreen_Generation = YES;
				INFOPLIST_KEY_UISupportedInterfaceOrientations_iPad = "UIInterfaceOrientationPortrait UIInterfaceOrientationPortraitUpsideDown UIInterfaceOrientationLandscapeLeft UIInterfaceOrientationLandscapeRight";
				INFOPLIST_KEY_UISupportedInterfaceOrientations_iPhone = "UIInterfaceOrientationPortrait UIInterfaceOrientationLandscapeLeft UIInterfaceOrientationLandscapeRight";
				LD_RUNPATH_SEARCH_PATHS = (
					"$(inherited)",
					"@executable_path/Frameworks",
				);
				MARKETING_VERSION = 2.2;
				PRODUCT_BUNDLE_IDENTIFIER = com.dieterlempen.SimpleWineManager;
				PRODUCT_NAME = "$(TARGET_NAME)";
				SWIFT_EMIT_LOC_STRINGS = YES;
				SWIFT_VERSION = 5.0;
				TARGETED_DEVICE_FAMILY = "1,2";
			};
			name = Debug;
		};
		AE0773CA2DEB39840011E1D2 /* Release */ = {
			isa = XCBuildConfiguration;
			buildSettings = {
				ASSETCATALOG_COMPILER_APPICON_NAME = AppIcon;
				ASSETCATALOG_COMPILER_GLOBAL_ACCENT_COLOR_NAME = AccentColor;
				CODE_SIGN_STYLE = Automatic;
				CURRENT_PROJECT_VERSION = 3;
				DEVELOPMENT_TEAM = JXYNZ48YKP;
				ENABLE_PREVIEWS = YES;
				GENERATE_INFOPLIST_FILE = YES;
				INFOPLIST_KEY_CFBundleDisplayName = Wine;
				INFOPLIST_KEY_NSCameraUsageDescription = "To take pictures of wine labels";
				INFOPLIST_KEY_NSPhotoLibraryAddUsageDescription = "To select photos of wine labels";
				INFOPLIST_KEY_UIApplicationSceneManifest_Generation = YES;
				INFOPLIST_KEY_UIApplicationSupportsIndirectInputEvents = YES;
				INFOPLIST_KEY_UILaunchScreen_Generation = YES;
				INFOPLIST_KEY_UISupportedInterfaceOrientations_iPad = "UIInterfaceOrientationPortrait UIInterfaceOrientationPortraitUpsideDown UIInterfaceOrientationLandscapeLeft UIInterfaceOrientationLandscapeRight";
				INFOPLIST_KEY_UISupportedInterfaceOrientations_iPhone = "UIInterfaceOrientationPortrait UIInterfaceOrientationLandscapeLeft UIInterfaceOrientationLandscapeRight";
				LD_RUNPATH_SEARCH_PATHS = (
					"$(inherited)",
					"@executable_path/Frameworks",
				);
				MARKETING_VERSION = 2.2;
				PRODUCT_BUNDLE_IDENTIFIER = com.dieterlempen.SimpleWineManager;
				PRODUCT_NAME = "$(TARGET_NAME)";
				SWIFT_EMIT_LOC_STRINGS = YES;
				SWIFT_VERSION = 5.0;
				TARGETED_DEVICE_FAMILY = "1,2";
			};
			name = Release;
		};
		AE0773CC2DEB39840011E1D2 /* Debug */ = {
			isa = XCBuildConfiguration;
			buildSettings = {
				BUNDLE_LOADER = "$(TEST_HOST)";
				CODE_SIGN_STYLE = Automatic;
				CURRENT_PROJECT_VERSION = 3;
				DEVELOPMENT_TEAM = JXYNZ48YKP;
				GENERATE_INFOPLIST_FILE = YES;
				IPHONEOS_DEPLOYMENT_TARGET = 18.0;
				MARKETING_VERSION = 2.2;
				PRODUCT_BUNDLE_IDENTIFIER = com.dieterlempen.SimpleWineManagerTests;
				PRODUCT_NAME = "$(TARGET_NAME)";
				SWIFT_EMIT_LOC_STRINGS = NO;
				SWIFT_VERSION = 5.0;
				TARGETED_DEVICE_FAMILY = "1,2";
				TEST_HOST = "$(BUILT_PRODUCTS_DIR)/SimpleWineManager.app/$(BUNDLE_EXECUTABLE_FOLDER_PATH)/SimpleWineManager";
			};
			name = Debug;
		};
		AE0773CD2DEB39840011E1D2 /* Release */ = {
			isa = XCBuildConfiguration;
			buildSettings = {
				BUNDLE_LOADER = "$(TEST_HOST)";
				CODE_SIGN_STYLE = Automatic;
				CURRENT_PROJECT_VERSION = 3;
				DEVELOPMENT_TEAM = JXYNZ48YKP;
				GENERATE_INFOPLIST_FILE = YES;
				IPHONEOS_DEPLOYMENT_TARGET = 18.0;
				MARKETING_VERSION = 2.2;
				PRODUCT_BUNDLE_IDENTIFIER = com.dieterlempen.SimpleWineManagerTests;
				PRODUCT_NAME = "$(TARGET_NAME)";
				SWIFT_EMIT_LOC_STRINGS = NO;
				SWIFT_VERSION = 5.0;
				TARGETED_DEVICE_FAMILY = "1,2";
				TEST_HOST = "$(BUILT_PRODUCTS_DIR)/SimpleWineManager.app/$(BUNDLE_EXECUTABLE_FOLDER_PATH)/SimpleWineManager";
			};
			name = Release;
		};
		AE0773CF2DEB39840011E1D2 /* Debug */ = {
			isa = XCBuildConfiguration;
			buildSettings = {
				CODE_SIGN_STYLE = Automatic;
				CURRENT_PROJECT_VERSION = 3;
				DEVELOPMENT_TEAM = JXYNZ48YKP;
				GENERATE_INFOPLIST_FILE = YES;
				MARKETING_VERSION = 2.2;
				PRODUCT_BUNDLE_IDENTIFIER = com.dieterlempen.SimpleWineManagerUITests;
				PRODUCT_NAME = "$(TARGET_NAME)";
				SWIFT_EMIT_LOC_STRINGS = NO;
				SWIFT_VERSION = 5.0;
				TARGETED_DEVICE_FAMILY = "1,2";
				TEST_TARGET_NAME = SimpleWineManager;
			};
			name = Debug;
		};
		AE0773D02DEB39840011E1D2 /* Release */ = {
			isa = XCBuildConfiguration;
			buildSettings = {
				CODE_SIGN_STYLE = Automatic;
				CURRENT_PROJECT_VERSION = 3;
				DEVELOPMENT_TEAM = JXYNZ48YKP;
				GENERATE_INFOPLIST_FILE = YES;
				MARKETING_VERSION = 2.2;
				PRODUCT_BUNDLE_IDENTIFIER = com.dieterlempen.SimpleWineManagerUITests;
				PRODUCT_NAME = "$(TARGET_NAME)";
				SWIFT_EMIT_LOC_STRINGS = NO;
				SWIFT_VERSION = 5.0;
				TARGETED_DEVICE_FAMILY = "1,2";
				TEST_TARGET_NAME = SimpleWineManager;
			};
			name = Release;
		};
/* End XCBuildConfiguration section */

/* Begin XCConfigurationList section */
		AE07739D2DEB397E0011E1D2 /* Build configuration list for PBXProject "SimpleWineManager" */ = {
			isa = XCConfigurationList;
			buildConfigurations = (
				AE0773C62DEB39840011E1D2 /* Debug */,
				AE0773C72DEB39840011E1D2 /* Release */,
			);
			defaultConfigurationIsVisible = 0;
			defaultConfigurationName = Release;
		};
		AE0773C82DEB39840011E1D2 /* Build configuration list for PBXNativeTarget "SimpleWineManager" */ = {
			isa = XCConfigurationList;
			buildConfigurations = (
				AE0773C92DEB39840011E1D2 /* Debug */,
				AE0773CA2DEB39840011E1D2 /* Release */,
			);
			defaultConfigurationIsVisible = 0;
			defaultConfigurationName = Release;
		};
		AE0773CB2DEB39840011E1D2 /* Build configuration list for PBXNativeTarget "SimpleWineManagerTests" */ = {
			isa = XCConfigurationList;
			buildConfigurations = (
				AE0773CC2DEB39840011E1D2 /* Debug */,
				AE0773CD2DEB39840011E1D2 /* Release */,
			);
			defaultConfigurationIsVisible = 0;
			defaultConfigurationName = Release;
		};
		AE0773CE2DEB39840011E1D2 /* Build configuration list for PBXNativeTarget "SimpleWineManagerUITests" */ = {
			isa = XCConfigurationList;
			buildConfigurations = (
				AE0773CF2DEB39840011E1D2 /* Debug */,
				AE0773D02DEB39840011E1D2 /* Release */,
			);
			defaultConfigurationIsVisible = 0;
			defaultConfigurationName = Release;
		};
/* End XCConfigurationList section */
	};
	rootObject = AE07739A2DEB397E0011E1D2 /* Project object */;
}
